
Microsoft Visual Studio Solution File, Format Version 12.00
# Visual Studio 2013
VisualStudioVersion = 12.0.40629.0
MinimumVisualStudioVersion = 10.0.40219.1
Project("{FAE04EC0-301F-11D3-BF4B-00C04F79EFBC}") = "DicionariosGenericos", "ConceitoCSharp.Project.Console\DicionariosGenericos.csproj", "{93B11309-7A18-40D3-8BAF-BE761D5BF345}"
EndProject
Project("{FAE04EC0-301F-11D3-BF4B-00C04F79EFBC}") = "ConceitoInterface", "ConceitoInterface.Console\ConceitoInterface.csproj", "{E59558D8-B7F5-44B8-ADAB-8B959825E75D}"
EndProject
Project("{FAE04EC0-301F-11D3-BF4B-00C04F79EFBC}") = "ColecoesComGenerics", "ColecoesComGenerics\ColecoesComGenerics.csproj", "{A0B09CE2-0B9A-40EF-A1E8-ABBDC00FBB63}"
EndProject
Project("{FAE04EC0-301F-11D3-BF4B-00C04F79EFBC}") = "VisibilidadeDaClasse", "VisibilidadeDaClasse\VisibilidadeDaClasse.csproj", "{F55B3ACE-BE3F-40CD-9AB0-012032685007}"
EndProject
Project("{FAE04EC0-301F-11D3-BF4B-00C04F79EFBC}") = "TratamentoErrosDebug", "TratamentoErrosDebug\TratamentoErrosDebug.csproj", "{3D814112-F595-4519-AD23-29603C3583DB}"
EndProject
Project("{FAE04EC0-301F-11D3-BF4B-00C04F79EFBC}") = "CompararDados", "CompararDados\CompararDados.csproj", "{4A09E800-8AB0-40BF-9916-7814BAFBD54E}"
EndProject
Project("{FAE04EC0-301F-11D3-BF4B-00C04F79EFBC}") = "MetodosExtensao", "MetodosExtensao\MetodosExtensao.csproj", "{21967E9D-45F4-4C92-A968-5F4F53043978}"
EndProject
Project("{FAE04EC0-301F-11D3-BF4B-00C04F79EFBC}") = "TiposAnonimos", "TiposAnonimos\TiposAnonimos.csproj", "{D20A3F9B-18D8-4F19-A1D2-111BBD5968AA}"
EndProject
Project("{FAE04EC0-301F-11D3-BF4B-00C04F79EFBC}") = "ConceitoDelegate", "ConceitoDelegate\ConceitoDelegate.csproj", "{851CB5A0-6B22-4544-A18A-ABC095A68D9D}"
EndProject
Project("{FAE04EC0-301F-11D3-BF4B-00C04F79EFBC}") = "ConceitoAction", "ConceitoAction\ConceitoAction.csproj", "{773FAFE9-E451-42E1-B51F-170BBF414D54}"
EndProject
Project("{FAE04EC0-301F-11D3-BF4B-00C04F79EFBC}") = "ConceitoUsoPredicate", "ConceitoUsoPredicate\ConceitoUsoPredicate.csproj", "{148D2E38-9B7D-4D7A-B793-10FF4AF4C98D}"
EndProject
Project("{FAE04EC0-301F-11D3-BF4B-00C04F79EFBC}") = "ExpressoesLambda", "ExpressoesLambda\ExpressoesLambda.csproj", "{31BD23A2-CD56-4CB5-ADF3-9A61C7AEBDFF}"
EndProject
Project("{FAE04EC0-301F-11D3-BF4B-00C04F79EFBC}") = "ParametrosOpcionaisCSharp", "ParametrosOpcionaisCSharp\ParametrosOpcionaisCSharp.csproj", "{95EDFF8A-226D-4085-828F-B972E7FBB100}"
EndProject
Project("{FAE04EC0-301F-11D3-BF4B-00C04F79EFBC}") = "ColecoesTuple", "ColecoesTuple\ColecoesTuple.csproj", "{4E81C55C-DBDF-4CF0-BDEE-19E3172D9965}"
EndProject
Project("{2150E333-8FDC-42A3-9474-1A3956D46DE8}") = "CSharp5", "CSharp5", "{C30EF443-661D-4D1C-BB56-BCB9380B3674}"
EndProject
Global
	GlobalSection(SolutionConfigurationPlatforms) = preSolution
		Debug|Any CPU = Debug|Any CPU
		Release|Any CPU = Release|Any CPU
	EndGlobalSection
	GlobalSection(ProjectConfigurationPlatforms) = postSolution
		{93B11309-7A18-40D3-8BAF-BE761D5BF345}.Debug|Any CPU.ActiveCfg = Debug|Any CPU
		{93B11309-7A18-40D3-8BAF-BE761D5BF345}.Debug|Any CPU.Build.0 = Debug|Any CPU
		{93B11309-7A18-40D3-8BAF-BE761D5BF345}.Release|Any CPU.ActiveCfg = Release|Any CPU
		{93B11309-7A18-40D3-8BAF-BE761D5BF345}.Release|Any CPU.Build.0 = Release|Any CPU
		{E59558D8-B7F5-44B8-ADAB-8B959825E75D}.Debug|Any CPU.ActiveCfg = Debug|Any CPU
		{E59558D8-B7F5-44B8-ADAB-8B959825E75D}.Debug|Any CPU.Build.0 = Debug|Any CPU
		{E59558D8-B7F5-44B8-ADAB-8B959825E75D}.Release|Any CPU.ActiveCfg = Release|Any CPU
		{E59558D8-B7F5-44B8-ADAB-8B959825E75D}.Release|Any CPU.Build.0 = Release|Any CPU
		{A0B09CE2-0B9A-40EF-A1E8-ABBDC00FBB63}.Debug|Any CPU.ActiveCfg = Debug|Any CPU
		{A0B09CE2-0B9A-40EF-A1E8-ABBDC00FBB63}.Debug|Any CPU.Build.0 = Debug|Any CPU
		{A0B09CE2-0B9A-40EF-A1E8-ABBDC00FBB63}.Release|Any CPU.ActiveCfg = Release|Any CPU
		{A0B09CE2-0B9A-40EF-A1E8-ABBDC00FBB63}.Release|Any CPU.Build.0 = Release|Any CPU
		{F55B3ACE-BE3F-40CD-9AB0-012032685007}.Debug|Any CPU.ActiveCfg = Debug|Any CPU
		{F55B3ACE-BE3F-40CD-9AB0-012032685007}.Debug|Any CPU.Build.0 = Debug|Any CPU
		{F55B3ACE-BE3F-40CD-9AB0-012032685007}.Release|Any CPU.ActiveCfg = Release|Any CPU
		{F55B3ACE-BE3F-40CD-9AB0-012032685007}.Release|Any CPU.Build.0 = Release|Any CPU
		{3D814112-F595-4519-AD23-29603C3583DB}.Debug|Any CPU.ActiveCfg = Debug|Any CPU
		{3D814112-F595-4519-AD23-29603C3583DB}.Debug|Any CPU.Build.0 = Debug|Any CPU
		{3D814112-F595-4519-AD23-29603C3583DB}.Release|Any CPU.ActiveCfg = Release|Any CPU
		{3D814112-F595-4519-AD23-29603C3583DB}.Release|Any CPU.Build.0 = Release|Any CPU
		{4A09E800-8AB0-40BF-9916-7814BAFBD54E}.Debug|Any CPU.ActiveCfg = Debug|Any CPU
		{4A09E800-8AB0-40BF-9916-7814BAFBD54E}.Debug|Any CPU.Build.0 = Debug|Any CPU
		{4A09E800-8AB0-40BF-9916-7814BAFBD54E}.Release|Any CPU.ActiveCfg = Release|Any CPU
		{4A09E800-8AB0-40BF-9916-7814BAFBD54E}.Release|Any CPU.Build.0 = Release|Any CPU
		{21967E9D-45F4-4C92-A968-5F4F53043978}.Debug|Any CPU.ActiveCfg = Debug|Any CPU
		{21967E9D-45F4-4C92-A968-5F4F53043978}.Debug|Any CPU.Build.0 = Debug|Any CPU
		{21967E9D-45F4-4C92-A968-5F4F53043978}.Release|Any CPU.ActiveCfg = Release|Any CPU
		{21967E9D-45F4-4C92-A968-5F4F53043978}.Release|Any CPU.Build.0 = Release|Any CPU
		{D20A3F9B-18D8-4F19-A1D2-111BBD5968AA}.Debug|Any CPU.ActiveCfg = Debug|Any CPU
		{D20A3F9B-18D8-4F19-A1D2-111BBD5968AA}.Debug|Any CPU.Build.0 = Debug|Any CPU
		{D20A3F9B-18D8-4F19-A1D2-111BBD5968AA}.Release|Any CPU.ActiveCfg = Release|Any CPU
		{D20A3F9B-18D8-4F19-A1D2-111BBD5968AA}.Release|Any CPU.Build.0 = Release|Any CPU
		{851CB5A0-6B22-4544-A18A-ABC095A68D9D}.Debug|Any CPU.ActiveCfg = Debug|Any CPU
		{851CB5A0-6B22-4544-A18A-ABC095A68D9D}.Debug|Any CPU.Build.0 = Debug|Any CPU
		{851CB5A0-6B22-4544-A18A-ABC095A68D9D}.Release|Any CPU.ActiveCfg = Release|Any CPU
		{851CB5A0-6B22-4544-A18A-ABC095A68D9D}.Release|Any CPU.Build.0 = Release|Any CPU
		{773FAFE9-E451-42E1-B51F-170BBF414D54}.Debug|Any CPU.ActiveCfg = Debug|Any CPU
		{773FAFE9-E451-42E1-B51F-170BBF414D54}.Debug|Any CPU.Build.0 = Debug|Any CPU
		{773FAFE9-E451-42E1-B51F-170BBF414D54}.Release|Any CPU.ActiveCfg = Release|Any CPU
		{773FAFE9-E451-42E1-B51F-170BBF414D54}.Release|Any CPU.Build.0 = Release|Any CPU
		{148D2E38-9B7D-4D7A-B793-10FF4AF4C98D}.Debug|Any CPU.ActiveCfg = Debug|Any CPU
		{148D2E38-9B7D-4D7A-B793-10FF4AF4C98D}.Debug|Any CPU.Build.0 = Debug|Any CPU
		{148D2E38-9B7D-4D7A-B793-10FF4AF4C98D}.Release|Any CPU.ActiveCfg = Release|Any CPU
		{148D2E38-9B7D-4D7A-B793-10FF4AF4C98D}.Release|Any CPU.Build.0 = Release|Any CPU
		{31BD23A2-CD56-4CB5-ADF3-9A61C7AEBDFF}.Debug|Any CPU.ActiveCfg = Debug|Any CPU
		{31BD23A2-CD56-4CB5-ADF3-9A61C7AEBDFF}.Debug|Any CPU.Build.0 = Debug|Any CPU
		{31BD23A2-CD56-4CB5-ADF3-9A61C7AEBDFF}.Release|Any CPU.ActiveCfg = Release|Any CPU
		{31BD23A2-CD56-4CB5-ADF3-9A61C7AEBDFF}.Release|Any CPU.Build.0 = Release|Any CPU
		{95EDFF8A-226D-4085-828F-B972E7FBB100}.Debug|Any CPU.ActiveCfg = Debug|Any CPU
		{95EDFF8A-226D-4085-828F-B972E7FBB100}.Debug|Any CPU.Build.0 = Debug|Any CPU
		{95EDFF8A-226D-4085-828F-B972E7FBB100}.Release|Any CPU.ActiveCfg = Release|Any CPU
		{95EDFF8A-226D-4085-828F-B972E7FBB100}.Release|Any CPU.Build.0 = Release|Any CPU
		{4E81C55C-DBDF-4CF0-BDEE-19E3172D9965}.Debug|Any CPU.ActiveCfg = Debug|Any CPU
		{4E81C55C-DBDF-4CF0-BDEE-19E3172D9965}.Debug|Any CPU.Build.0 = Debug|Any CPU
		{4E81C55C-DBDF-4CF0-BDEE-19E3172D9965}.Release|Any CPU.ActiveCfg = Release|Any CPU
		{4E81C55C-DBDF-4CF0-BDEE-19E3172D9965}.Release|Any CPU.Build.0 = Release|Any CPU
	EndGlobalSection
	GlobalSection(SolutionProperties) = preSolution
		HideSolutionNode = FALSE
	EndGlobalSection
	GlobalSection(NestedProjects) = preSolution
		{93B11309-7A18-40D3-8BAF-BE761D5BF345} = {C30EF443-661D-4D1C-BB56-BCB9380B3674}
		{E59558D8-B7F5-44B8-ADAB-8B959825E75D} = {C30EF443-661D-4D1C-BB56-BCB9380B3674}
		{A0B09CE2-0B9A-40EF-A1E8-ABBDC00FBB63} = {C30EF443-661D-4D1C-BB56-BCB9380B3674}
		{F55B3ACE-BE3F-40CD-9AB0-012032685007} = {C30EF443-661D-4D1C-BB56-BCB9380B3674}
		{3D814112-F595-4519-AD23-29603C3583DB} = {C30EF443-661D-4D1C-BB56-BCB9380B3674}
		{4A09E800-8AB0-40BF-9916-7814BAFBD54E} = {C30EF443-661D-4D1C-BB56-BCB9380B3674}
		{21967E9D-45F4-4C92-A968-5F4F53043978} = {C30EF443-661D-4D1C-BB56-BCB9380B3674}
		{D20A3F9B-18D8-4F19-A1D2-111BBD5968AA} = {C30EF443-661D-4D1C-BB56-BCB9380B3674}
		{851CB5A0-6B22-4544-A18A-ABC095A68D9D} = {C30EF443-661D-4D1C-BB56-BCB9380B3674}
		{773FAFE9-E451-42E1-B51F-170BBF414D54} = {C30EF443-661D-4D1C-BB56-BCB9380B3674}
		{148D2E38-9B7D-4D7A-B793-10FF4AF4C98D} = {C30EF443-661D-4D1C-BB56-BCB9380B3674}
		{31BD23A2-CD56-4CB5-ADF3-9A61C7AEBDFF} = {C30EF443-661D-4D1C-BB56-BCB9380B3674}
		{95EDFF8A-226D-4085-828F-B972E7FBB100} = {C30EF443-661D-4D1C-BB56-BCB9380B3674}
		{4E81C55C-DBDF-4CF0-BDEE-19E3172D9965} = {C30EF443-661D-4D1C-BB56-BCB9380B3674}
	EndGlobalSection
EndGlobal
