
Microsoft Visual Studio Solution File, Format Version 12.00
# Visual Studio 2013
VisualStudioVersion = 12.0.21005.1
MinimumVisualStudioVersion = 10.0.40219.1
Project("{FAE04EC0-301F-11D3-BF4B-00C04F79EFBC}") = "ConceitoDicionariosGenericos.Console", "ConceitoCSharp.Project.Console\ConceitoDicionariosGenericos.Console.csproj", "{93B11309-7A18-40D3-8BAF-BE761D5BF345}"
EndProject
Project("{FAE04EC0-301F-11D3-BF4B-00C04F79EFBC}") = "ConceitoInterface.Console", "ConceitoInterface.Console\ConceitoInterface.Console.csproj", "{E59558D8-B7F5-44B8-ADAB-8B959825E75D}"
EndProject
Global
	GlobalSection(SolutionConfigurationPlatforms) = preSolution
		Debug|Any CPU = Debug|Any CPU
		Release|Any CPU = Release|Any CPU
	EndGlobalSection
	GlobalSection(ProjectConfigurationPlatforms) = postSolution
		{93B11309-7A18-40D3-8BAF-BE761D5BF345}.Debug|Any CPU.ActiveCfg = Debug|Any CPU
		{93B11309-7A18-40D3-8BAF-BE761D5BF345}.Debug|Any CPU.Build.0 = Debug|Any CPU
		{93B11309-7A18-40D3-8BAF-BE761D5BF345}.Release|Any CPU.ActiveCfg = Release|Any CPU
		{93B11309-7A18-40D3-8BAF-BE761D5BF345}.Release|Any CPU.Build.0 = Release|Any CPU
		{E59558D8-B7F5-44B8-ADAB-8B959825E75D}.Debug|Any CPU.ActiveCfg = Debug|Any CPU
		{E59558D8-B7F5-44B8-ADAB-8B959825E75D}.Debug|Any CPU.Build.0 = Debug|Any CPU
		{E59558D8-B7F5-44B8-ADAB-8B959825E75D}.Release|Any CPU.ActiveCfg = Release|Any CPU
		{E59558D8-B7F5-44B8-ADAB-8B959825E75D}.Release|Any CPU.Build.0 = Release|Any CPU
	EndGlobalSection
	GlobalSection(SolutionProperties) = preSolution
		HideSolutionNode = FALSE
	EndGlobalSection
EndGlobal
